// !$*UTF8*$!
{
	archiveVersion = 1;
	classes = {
	};
	objectVersion = 50;
	objects = {

/* Begin PBXBuildFile section */
		544A19CB22675A3F008480AF /* AppDelegate.swift in Sources */ = {isa = PBXBuildFile; fileRef = 544A19CA22675A3F008480AF /* AppDelegate.swift */; };
		544A19CD22675A3F008480AF /* ViewController.swift in Sources */ = {isa = PBXBuildFile; fileRef = 544A19CC22675A3F008480AF /* ViewController.swift */; };
		544A19D022675A3F008480AF /* Main.storyboard in Resources */ = {isa = PBXBuildFile; fileRef = 544A19CE22675A3F008480AF /* Main.storyboard */; };
		544A19D322675A40008480AF /* RevisionExam.xcdatamodeld in Sources */ = {isa = PBXBuildFile; fileRef = 544A19D122675A40008480AF /* RevisionExam.xcdatamodeld */; };
		544A19D522675A52008480AF /* Assets.xcassets in Resources */ = {isa = PBXBuildFile; fileRef = 544A19D422675A52008480AF /* Assets.xcassets */; };
		544A19D822675A53008480AF /* LaunchScreen.storyboard in Resources */ = {isa = PBXBuildFile; fileRef = 544A19D622675A53008480AF /* LaunchScreen.storyboard */; };
		544A19E022676622008480AF /* DetailView.swift in Sources */ = {isa = PBXBuildFile; fileRef = 544A19DF22676622008480AF /* DetailView.swift */; };
		544A19E222677CFF008480AF /* BookmarkView.swift in Sources */ = {isa = PBXBuildFile; fileRef = 544A19E122677CFF008480AF /* BookmarkView.swift */; };
/* End PBXBuildFile section */

/* Begin PBXFileReference section */
		544A19C722675A3F008480AF /* RevisionExam.app */ = {isa = PBXFileReference; explicitFileType = wrapper.application; includeInIndex = 0; path = RevisionExam.app; sourceTree = BUILT_PRODUCTS_DIR; };
		544A19CA22675A3F008480AF /* AppDelegate.swift */ = {isa = PBXFileReference; lastKnownFileType = sourcecode.swift; path = AppDelegate.swift; sourceTree = "<group>"; };
		544A19CC22675A3F008480AF /* ViewController.swift */ = {isa = PBXFileReference; lastKnownFileType = sourcecode.swift; path = ViewController.swift; sourceTree = "<group>"; };
		544A19CF22675A3F008480AF /* Base */ = {isa = PBXFileReference; lastKnownFileType = file.storyboard; name = Base; path = Base.lproj/Main.storyboard; sourceTree = "<group>"; };
		544A19D222675A40008480AF /* RevisionExam.xcdatamodel */ = {isa = PBXFileReference; lastKnownFileType = wrapper.xcdatamodel; path = RevisionExam.xcdatamodel; sourceTree = "<group>"; };
		544A19D422675A52008480AF /* Assets.xcassets */ = {isa = PBXFileReference; lastKnownFileType = folder.assetcatalog; path = Assets.xcassets; sourceTree = "<group>"; };
		544A19D722675A53008480AF /* Base */ = {isa = PBXFileReference; lastKnownFileType = file.storyboard; name = Base; path = Base.lproj/LaunchScreen.storyboard; sourceTree = "<group>"; };
		544A19D922675A53008480AF /* Info.plist */ = {isa = PBXFileReference; lastKnownFileType = text.plist.xml; path = Info.plist; sourceTree = "<group>"; };
		544A19DF22676622008480AF /* DetailView.swift */ = {isa = PBXFileReference; lastKnownFileType = sourcecode.swift; path = DetailView.swift; sourceTree = "<group>"; };
		544A19E122677CFF008480AF /* BookmarkView.swift */ = {isa = PBXFileReference; lastKnownFileType = sourcecode.swift; path = BookmarkView.swift; sourceTree = "<group>"; };
/* End PBXFileReference section */

/* Begin PBXFrameworksBuildPhase section */
		544A19C422675A3F008480AF /* Frameworks */ = {
			isa = PBXFrameworksBuildPhase;
			buildActionMask = 2147483647;
			files = (
			);
			runOnlyForDeploymentPostprocessing = 0;
		};
/* End PBXFrameworksBuildPhase section */

/* Begin PBXGroup section */
		544A19BE22675A3F008480AF = {
			isa = PBXGroup;
			children = (
				544A19C922675A3F008480AF /* RevisionExam */,
				544A19C822675A3F008480AF /* Products */,
			);
			sourceTree = "<group>";
		};
		544A19C822675A3F008480AF /* Products */ = {
			isa = PBXGroup;
			children = (
				544A19C722675A3F008480AF /* RevisionExam.app */,
			);
			name = Products;
			sourceTree = "<group>";
		};
		544A19C922675A3F008480AF /* RevisionExam */ = {
			isa = PBXGroup;
			children = (
				544A19CA22675A3F008480AF /* AppDelegate.swift */,
				544A19CC22675A3F008480AF /* ViewController.swift */,
				544A19CE22675A3F008480AF /* Main.storyboard */,
				544A19D422675A52008480AF /* Assets.xcassets */,
				544A19D622675A53008480AF /* LaunchScreen.storyboard */,
				544A19D922675A53008480AF /* Info.plist */,
				544A19D122675A40008480AF /* RevisionExam.xcdatamodeld */,
				544A19DF22676622008480AF /* DetailView.swift */,
				544A19E122677CFF008480AF /* BookmarkView.swift */,
			);
			path = RevisionExam;
			sourceTree = "<group>";
		};
/* End PBXGroup section */

/* Begin PBXNativeTarget section */
		544A19C622675A3F008480AF /* RevisionExam */ = {
			isa = PBXNativeTarget;
			buildConfigurationList = 544A19DC22675A53008480AF /* Build configuration list for PBXNativeTarget "RevisionExam" */;
			buildPhases = (
				544A19C322675A3F008480AF /* Sources */,
				544A19C422675A3F008480AF /* Frameworks */,
				544A19C522675A3F008480AF /* Resources */,
			);
			buildRules = (
			);
			dependencies = (
			);
			name = RevisionExam;
			productName = RevisionExam;
			productReference = 544A19C722675A3F008480AF /* RevisionExam.app */;
			productType = "com.apple.product-type.application";
		};
/* End PBXNativeTarget section */

/* Begin PBXProject section */
		544A19BF22675A3F008480AF /* Project object */ = {
			isa = PBXProject;
			attributes = {
				LastSwiftUpdateCheck = 1010;
				LastUpgradeCheck = 1010;
				ORGANIZATIONNAME = ESPRIT;
				TargetAttributes = {
					544A19C622675A3F008480AF = {
						CreatedOnToolsVersion = 10.1;
					};
				};
			};
			buildConfigurationList = 544A19C222675A3F008480AF /* Build configuration list for PBXProject "RevisionExam" */;
			compatibilityVersion = "Xcode 9.3";
			developmentRegion = en;
			hasScannedForEncodings = 0;
			knownRegions = (
				en,
				Base,
			);
			mainGroup = 544A19BE22675A3F008480AF;
			productRefGroup = 544A19C822675A3F008480AF /* Products */;
			projectDirPath = "";
			projectRoot = "";
			targets = (
				544A19C622675A3F008480AF /* RevisionExam */,
			);
		};
/* End PBXProject section */

/* Begin PBXResourcesBuildPhase section */
		544A19C522675A3F008480AF /* Resources */ = {
			isa = PBXResourcesBuildPhase;
			buildActionMask = 2147483647;
			files = (
				544A19D822675A53008480AF /* LaunchScreen.storyboard in Resources */,
				544A19D522675A52008480AF /* Assets.xcassets in Resources */,
				544A19D022675A3F008480AF /* Main.storyboard in Resources */,
			);
			runOnlyForDeploymentPostprocessing = 0;
		};
/* End PBXResourcesBuildPhase section */

/* Begin PBXSourcesBuildPhase section */
		544A19C322675A3F008480AF /* Sources */ = {
			isa = PBXSourcesBuildPhase;
			buildActionMask = 2147483647;
			files = (
				544A19CD22675A3F008480AF /* ViewController.swift in Sources */,
				544A19E222677CFF008480AF /* BookmarkView.swift in Sources */,
				544A19E022676622008480AF /* DetailView.swift in Sources */,
				544A19CB22675A3F008480AF /* AppDelegate.swift in Sources */,
				544A19D322675A40008480AF /* RevisionExam.xcdatamodeld in Sources */,
			);
			runOnlyForDeploymentPostprocessing = 0;
		};
/* End PBXSourcesBuildPhase section */

/* Begin PBXVariantGroup section */
		544A19CE22675A3F008480AF /* Main.storyboard */ = {
			isa = PBXVariantGroup;
			children = (
				544A19CF22675A3F008480AF /* Base */,
			);
			name = Main.storyboard;
			sourceTree = "<group>";
		};
		544A19D622675A53008480AF /* LaunchScreen.storyboard */ = {
			isa = PBXVariantGroup;
			children = (
				544A19D722675A53008480AF /* Base */,
			);
			name = LaunchScreen.storyboard;
			sourceTree = "<group>";
		};
/* End PBXVariantGroup section */

/* Begin XCBuildConfiguration section */
		544A19DA22675A53008480AF /* Debug */ = {
			isa = XCBuildConfiguration;
			buildSettings = {
				ALWAYS_SEARCH_USER_PATHS = NO;
				CLANG_ANALYZER_NONNULL = YES;
				CLANG_ANALYZER_NUMBER_OBJECT_CONVERSION = YES_AGGRESSIVE;
				CLANG_CXX_LANGUAGE_STANDARD = "gnu++14";
				CLANG_CXX_LIBRARY = "libc++";
				CLANG_ENABLE_MODULES = YES;
				CLANG_ENABLE_OBJC_ARC = YES;
				CLANG_ENABLE_OBJC_WEAK = YES;
				CLANG_WARN_BLOCK_CAPTURE_AUTORELEASING = YES;
				CLANG_WARN_BOOL_CONVERSION = YES;
				CLANG_WARN_COMMA = YES;
				CLANG_WARN_CONSTANT_CONVERSION = YES;
				CLANG_WARN_DEPRECATED_OBJC_IMPLEMENTATIONS = YES;
				CLANG_WARN_DIRECT_OBJC_ISA_USAGE = YES_ERROR;
				CLANG_WARN_DOCUMENTATION_COMMENTS = YES;
				CLANG_WARN_EMPTY_BODY = YES;
				CLANG_WARN_ENUM_CONVERSION = YES;
				CLANG_WARN_INFINITE_RECURSION = YES;
				CLANG_WARN_INT_CONVERSION = YES;
				CLANG_WARN_NON_LITERAL_NULL_CONVERSION = YES;
				CLANG_WARN_OBJC_IMPLICIT_RETAIN_SELF = YES;
				CLANG_WARN_OBJC_LITERAL_CONVERSION = YES;
				CLANG_WARN_OBJC_ROOT_CLASS = YES_ERROR;
				CLANG_WARN_RANGE_LOOP_ANALYSIS = YES;
				CLANG_WARN_STRICT_PROTOTYPES = YES;
				CLANG_WARN_SUSPICIOUS_MOVE = YES;
				CLANG_WARN_UNGUARDED_AVAILABILITY = YES_AGGRESSIVE;
				CLANG_WARN_UNREACHABLE_CODE = YES;
				CLANG_WARN__DUPLICATE_METHOD_MATCH = YES;
				CODE_SIGN_IDENTITY = "iPhone Developer";
				COPY_PHASE_STRIP = NO;
				DEBUG_INFORMATION_FORMAT = dwarf;
				ENABLE_STRICT_OBJC_MSGSEND = YES;
				ENABLE_TESTABILITY = YES;
				GCC_C_LANGUAGE_STANDARD = gnu11;
				GCC_DYNAMIC_NO_PIC = NO;
				GCC_NO_COMMON_BLOCKS = YES;
				GCC_OPTIMIZATION_LEVEL = 0;
				GCC_PREPROCESSOR_DEFINITIONS = (
					"DEBUG=1",
					"$(inherited)",
				);
				GCC_WARN_64_TO_32_BIT_CONVERSION = YES;
				GCC_WARN_ABOUT_RETURN_TYPE = YES_ERROR;
				GCC_WARN_UNDECLARED_SELECTOR = YES;
				GCC_WARN_UNINITIALIZED_AUTOS = YES_AGGRESSIVE;
				GCC_WARN_UNUSED_FUNCTION = YES;
				GCC_WARN_UNUSED_VARIABLE = YES;
				IPHONEOS_DEPLOYMENT_TARGET = 12.1;
				MTL_ENABLE_DEBUG_INFO = INCLUDE_SOURCE;
				MTL_FAST_MATH = YES;
				ONLY_ACTIVE_ARCH = YES;
				SDKROOT = iphoneos;
				SWIFT_ACTIVE_COMPILATION_CONDITIONS = DEBUG;
				SWIFT_OPTIMIZATION_LEVEL = "-Onone";
			};
			name = Debug;
		};
		544A19DB22675A53008480AF /* Release */ = {
			isa = XCBuildConfiguration;
			buildSettings = {
				ALWAYS_SEARCH_USER_PATHS = NO;
				CLANG_ANALYZER_NONNULL = YES;
				CLANG_ANALYZER_NUMBER_OBJECT_CONVERSION = YES_AGGRESSIVE;
				CLANG_CXX_LANGUAGE_STANDARD = "gnu++14";
				CLANG_CXX_LIBRARY = "libc++";
				CLANG_ENABLE_MODULES = YES;
				CLANG_ENABLE_OBJC_ARC = YES;
				CLANG_ENABLE_OBJC_WEAK = YES;
				CLANG_WARN_BLOCK_CAPTURE_AUTORELEASING = YES;
				CLANG_WARN_BOOL_CONVERSION = YES;
				CLANG_WARN_COMMA = YES;
				CLANG_WARN_CONSTANT_CONVERSION = YES;
				CLANG_WARN_DEPRECATED_OBJC_IMPLEMENTATIONS = YES;
				CLANG_WARN_DIRECT_OBJC_ISA_USAGE = YES_ERROR;
				CLANG_WARN_DOCUMENTATION_COMMENTS = YES;
				CLANG_WARN_EMPTY_BODY = YES;
				CLANG_WARN_ENUM_CONVERSION = YES;
				CLANG_WARN_INFINITE_RECURSION = YES;
				CLANG_WARN_INT_CONVERSION = YES;
				CLANG_WARN_NON_LITERAL_NULL_CONVERSION = YES;
				CLANG_WARN_OBJC_IMPLICIT_RETAIN_SELF = YES;
				CLANG_WARN_OBJC_LITERAL_CONVERSION = YES;
				CLANG_WARN_OBJC_ROOT_CLASS = YES_ERROR;
				CLANG_WARN_RANGE_LOOP_ANALYSIS = YES;
				CLANG_WARN_STRICT_PROTOTYPES = YES;
				CLANG_WARN_SUSPICIOUS_MOVE = YES;
				CLANG_WARN_UNGUARDED_AVAILABILITY = YES_AGGRESSIVE;
				CLANG_WARN_UNREACHABLE_CODE = YES;
				CLANG_WARN__DUPLICATE_METHOD_MATCH = YES;
				CODE_SIGN_IDENTITY = "iPhone Developer";
				COPY_PHASE_STRIP = NO;
				DEBUG_INFORMATION_FORMAT = "dwarf-with-dsym";
				ENABLE_NS_ASSERTIONS = NO;
				ENABLE_STRICT_OBJC_MSGSEND = YES;
				GCC_C_LANGUAGE_STANDARD = gnu11;
				GCC_NO_COMMON_BLOCKS = YES;
				GCC_WARN_64_TO_32_BIT_CONVERSION = YES;
				GCC_WARN_ABOUT_RETURN_TYPE = YES_ERROR;
				GCC_WARN_UNDECLARED_SELECTOR = YES;
				GCC_WARN_UNINITIALIZED_AUTOS = YES_AGGRESSIVE;
				GCC_WARN_UNUSED_FUNCTION = YES;
				GCC_WARN_UNUSED_VARIABLE = YES;
				IPHONEOS_DEPLOYMENT_TARGET = 12.1;
				MTL_ENABLE_DEBUG_INFO = NO;
				MTL_FAST_MATH = YES;
				SDKROOT = iphoneos;
				SWIFT_COMPILATION_MODE = wholemodule;
				SWIFT_OPTIMIZATION_LEVEL = "-O";
				VALIDATE_PRODUCT = YES;
			};
			name = Release;
		};
		544A19DD22675A53008480AF /* Debug */ = {
			isa = XCBuildConfiguration;
			buildSettings = {
				ASSETCATALOG_COMPILER_APPICON_NAME = AppIcon;
				CODE_SIGN_STYLE = Automatic;
				DEVELOPMENT_TEAM = CX3C8HXQR8;
				INFOPLIST_FILE = RevisionExam/Info.plist;
				LD_RUNPATH_SEARCH_PATHS = (
					"$(inherited)",
					"@executable_path/Frameworks",
				);
				PRODUCT_BUNDLE_IDENTIFIER = esprit.tn.RevisionExam;
				PRODUCT_NAME = "$(TARGET_NAME)";
				SWIFT_VERSION = 4.2;
				TARGETED_DEVICE_FAMILY = "1,2";
			};
			name = Debug;
		};
		544A19DE22675A53008480AF /* Release */ = {
			isa = XCBuildConfiguration;
			buildSettings = {
				ASSETCATALOG_COMPILER_APPICON_NAME = AppIcon;
				CODE_SIGN_STYLE = Automatic;
				DEVELOPMENT_TEAM = CX3C8HXQR8;
				INFOPLIST_FILE = RevisionExam/Info.plist;
				LD_RUNPATH_SEARCH_PATHS = (
					"$(inherited)",
					"@executable_path/Frameworks",
				);
				PRODUCT_BUNDLE_IDENTIFIER = esprit.tn.RevisionExam;
				PRODUCT_NAME = "$(TARGET_NAME)";
				SWIFT_VERSION = 4.2;
				TARGETED_DEVICE_FAMILY = "1,2";
			};
			name = Release;
		};
/* End XCBuildConfiguration section */

/* Begin XCConfigurationList section */
		544A19C222675A3F008480AF /* Build configuration list for PBXProject "RevisionExam" */ = {
			isa = XCConfigurationList;
			buildConfigurations = (
				544A19DA22675A53008480AF /* Debug */,
				544A19DB22675A53008480AF /* Release */,
			);
			defaultConfigurationIsVisible = 0;
			defaultConfigurationName = Release;
		};
		544A19DC22675A53008480AF /* Build configuration list for PBXNativeTarget "RevisionExam" */ = {
			isa = XCConfigurationList;
			buildConfigurations = (
				544A19DD22675A53008480AF /* Debug */,
				544A19DE22675A53008480AF /* Release */,
			);
			defaultConfigurationIsVisible = 0;
			defaultConfigurationName = Release;
		};
/* End XCConfigurationList section */

/* Begin XCVersionGroup section */
		544A19D122675A40008480AF /* RevisionExam.xcdatamodeld */ = {
			isa = XCVersionGroup;
			children = (
				544A19D222675A40008480AF /* RevisionExam.xcdatamodel */,
			);
			currentVersion = 544A19D222675A40008480AF /* RevisionExam.xcdatamodel */;
			path = RevisionExam.xcdatamodeld;
			sourceTree = "<group>";
			versionGroupType = wrapper.xcdatamodel;
		};
/* End XCVersionGroup section */
	};
	rootObject = 544A19BF22675A3F008480AF /* Project object */;
}
